<?xml version="1.0" encoding="utf-8"?>
<Project ToolsVersion="14.0" xmlns="http://schemas.microsoft.com/developer/msbuild/2003">
  <ItemGroup>
    <ClCompile Include="C:\Projekte\ESRA_efficient_software_rendering_algo\main.cpp">
      <Filter>Source Files</Filter>
    </ClCompile>
    <ClCompile Include="C:\Projekte\ESRA_efficient_software_rendering_algo\tgaimage.cpp">
      <Filter>Source Files</Filter>
    </ClCompile>
  </ItemGroup>
  <ItemGroup>
    <CustomBuild Include="C:\Projekte\ESRA_efficient_software_rendering_algo\cmakelists.txt" />
  </ItemGroup>
  <ItemGroup>
    <Filter Include="Source Files">
      <UniqueIdentifier>{83B50D7B-F7A2-3D9A-9DB0-CDEAD555476E}</UniqueIdentifier>
    </Filter>
  </ItemGroup>
  <ItemGroup>
    <ClInclude Include="draw_lib.hpp" />
    <ClInclude Include="mdl_wavefront.hpp">
      <Filter>Source Files</Filter>
    </ClInclude>
    <ClInclude Include="algebra.h">
      <Filter>Source Files</Filter>
    </ClInclude>
    <ClInclude Include="types.h">
      <Filter>Source Files</Filter>
    </ClInclude>
  </ItemGroup>
</Project>